
Microsoft Visual Studio Solution File, Format Version 12.00
# Visual Studio Version 16
VisualStudioVersion = 16.0.29215.179
MinimumVisualStudioVersion = 10.0.40219.1
Project("{8BC9CEB8-8B4A-11D0-8D11-00A0C91BC942}") = "Test", "Test.vcxproj", "{EBB9086E-215F-4144-9CBC-0FD8241C198B}"
EndProject
Global
	GlobalSection(SolutionConfigurationPlatforms) = preSolution
		Debug|x64 = Debug|x64
		Debug|x86 = Debug|x86
		Release|x64 = Release|x64
		Release|x86 = Release|x86
	EndGlobalSection
	GlobalSection(ProjectConfigurationPlatforms) = postSolution
		{EBB9086E-215F-4144-9CBC-0FD8241C198B}.Debug|x64.ActiveCfg = Debug|x64
		{EBB9086E-215F-4144-9CBC-0FD8241C198B}.Debug|x64.Build.0 = Debug|x64
		{EBB9086E-215F-4144-9CBC-0FD8241C198B}.Debug|x86.ActiveCfg = Debug|Win32
		{EBB9086E-215F-4144-9CBC-0FD8241C198B}.Debug|x86.Build.0 = Debug|Win32
		{EBB9086E-215F-4144-9CBC-0FD8241C198B}.Release|x64.ActiveCfg = Release|x64
		{EBB9086E-215F-4144-9CBC-0FD8241C198B}.Release|x64.Build.0 = Release|x64
		{EBB9086E-215F-4144-9CBC-0FD8241C198B}.Release|x86.ActiveCfg = Release|Win32
		{EBB9086E-215F-4144-9CBC-0FD8241C198B}.Release|x86.Build.0 = Release|Win32
	EndGlobalSection
	GlobalSection(SolutionProperties) = preSolution
		HideSolutionNode = FALSE
	EndGlobalSection
	GlobalSection(ExtensibilityGlobals) = postSolution
		SolutionGuid = {215FF3E9-C482-45C3-9B15-324B596F334D}
	EndGlobalSection
EndGlobal
